
Microsoft Visual Studio Solution File, Format Version 12.00
# Visual Studio Version 17
VisualStudioVersion = 17.5.002.0
MinimumVisualStudioVersion = 10.0.40219.1
Project("{9A19103F-16F7-4668-BE54-9A1E7A4F7556}") = "todo-app-oop", "todo-app-oop.csproj", "{0EE8DA27-0F74-460D-BF01-D283D64AC18A}"
EndProject
Global
	GlobalSection(SolutionConfigurationPlatforms) = preSolution
		Debug|Any CPU = Debug|Any CPU
		Release|Any CPU = Release|Any CPU
	EndGlobalSection
	GlobalSection(ProjectConfigurationPlatforms) = postSolution
		{0EE8DA27-0F74-460D-BF01-D283D64AC18A}.Debug|Any CPU.ActiveCfg = Debug|Any CPU
		{0EE8DA27-0F74-460D-BF01-D283D64AC18A}.Debug|Any CPU.Build.0 = Debug|Any CPU
		{0EE8DA27-0F74-460D-BF01-D283D64AC18A}.Release|Any CPU.ActiveCfg = Release|Any CPU
		{0EE8DA27-0F74-460D-BF01-D283D64AC18A}.Release|Any CPU.Build.0 = Release|Any CPU
	EndGlobalSection
	GlobalSection(SolutionProperties) = preSolution
		HideSolutionNode = FALSE
	EndGlobalSection
	GlobalSection(ExtensibilityGlobals) = postSolution
		SolutionGuid = {BE475E46-BC55-4F07-9D02-2CB51AC6EFC1}
	EndGlobalSection
EndGlobal
